// !$*UTF8*$!
{
	archiveVersion = 1;
	classes = {
	};
	objectVersion = 46;
	objects = {

/* Begin PBXBuildFile section */
		74FDF69E1946B0770099B7A9 /* main.m in Sources */ = {isa = PBXBuildFile; fileRef = 74FDF69D1946B0770099B7A9 /* main.m */; };
		74FDF6A11946B0770099B7A9 /* AppDelegate.m in Sources */ = {isa = PBXBuildFile; fileRef = 74FDF6A01946B0770099B7A9 /* AppDelegate.m */; };
		74FDF6A31946B0770099B7A9 /* Images.xcassets in Resources */ = {isa = PBXBuildFile; fileRef = 74FDF6A21946B0770099B7A9 /* Images.xcassets */; };
		74FDF6AF1946B0770099B7A9 /* ToDoList_OCTests.m in Sources */ = {isa = PBXBuildFile; fileRef = 74FDF6AE1946B0770099B7A9 /* ToDoList_OCTests.m */; };
		74FDF6E11946B0D10099B7A9 /* main.storyboard in Resources */ = {isa = PBXBuildFile; fileRef = 74FDF6E01946B0D10099B7A9 /* main.storyboard */; };
		74FDF6E41946B2350099B7A9 /* AddToDoItemViewController.m in Sources */ = {isa = PBXBuildFile; fileRef = 74FDF6E31946B2350099B7A9 /* AddToDoItemViewController.m */; };
		74FDF6E71946B25B0099B7A9 /* ToDoListTableViewController.m in Sources */ = {isa = PBXBuildFile; fileRef = 74FDF6E61946B25B0099B7A9 /* ToDoListTableViewController.m */; };
		74FDF6F01946B5DD0099B7A9 /* ToDoItem.m in Sources */ = {isa = PBXBuildFile; fileRef = 74FDF6EF1946B5DD0099B7A9 /* ToDoItem.m */; };
/* End PBXBuildFile section */

/* Begin PBXContainerItemProxy section */
		74FDF6A91946B0770099B7A9 /* PBXContainerItemProxy */ = {
			isa = PBXContainerItemProxy;
			containerPortal = 74FDF6901946B0770099B7A9 /* Project object */;
			proxyType = 1;
			remoteGlobalIDString = 74FDF6971946B0770099B7A9;
			remoteInfo = "ToDoList-OC";
		};
/* End PBXContainerItemProxy section */

/* Begin PBXFileReference section */
		74FDF6981946B0770099B7A9 /* ToDoList-OC.app */ = {isa = PBXFileReference; explicitFileType = wrapper.application; includeInIndex = 0; path = "ToDoList-OC.app"; sourceTree = BUILT_PRODUCTS_DIR; };
		74FDF69C1946B0770099B7A9 /* Info.plist */ = {isa = PBXFileReference; lastKnownFileType = text.plist.xml; path = Info.plist; sourceTree = "<group>"; };
		74FDF69D1946B0770099B7A9 /* main.m */ = {isa = PBXFileReference; lastKnownFileType = sourcecode.c.objc; path = main.m; sourceTree = "<group>"; };
		74FDF69F1946B0770099B7A9 /* AppDelegate.h */ = {isa = PBXFileReference; lastKnownFileType = sourcecode.c.h; path = AppDelegate.h; sourceTree = "<group>"; };
		74FDF6A01946B0770099B7A9 /* AppDelegate.m */ = {isa = PBXFileReference; lastKnownFileType = sourcecode.c.objc; path = AppDelegate.m; sourceTree = "<group>"; };
		74FDF6A21946B0770099B7A9 /* Images.xcassets */ = {isa = PBXFileReference; lastKnownFileType = folder.assetcatalog; path = Images.xcassets; sourceTree = "<group>"; };
		74FDF6A81946B0770099B7A9 /* ToDoList-OCTests.xctest */ = {isa = PBXFileReference; explicitFileType = wrapper.cfbundle; includeInIndex = 0; path = "ToDoList-OCTests.xctest"; sourceTree = BUILT_PRODUCTS_DIR; };
		74FDF6AD1946B0770099B7A9 /* Info.plist */ = {isa = PBXFileReference; lastKnownFileType = text.plist.xml; path = Info.plist; sourceTree = "<group>"; };
		74FDF6AE1946B0770099B7A9 /* ToDoList_OCTests.m */ = {isa = PBXFileReference; lastKnownFileType = sourcecode.c.objc; path = ToDoList_OCTests.m; sourceTree = "<group>"; };
		74FDF6E01946B0D10099B7A9 /* main.storyboard */ = {isa = PBXFileReference; fileEncoding = 4; lastKnownFileType = file.storyboard; path = main.storyboard; sourceTree = "<group>"; };
		74FDF6E21946B2350099B7A9 /* AddToDoItemViewController.h */ = {isa = PBXFileReference; fileEncoding = 4; lastKnownFileType = sourcecode.c.h; path = AddToDoItemViewController.h; sourceTree = "<group>"; };
		74FDF6E31946B2350099B7A9 /* AddToDoItemViewController.m */ = {isa = PBXFileReference; fileEncoding = 4; lastKnownFileType = sourcecode.c.objc; path = AddToDoItemViewController.m; sourceTree = "<group>"; };
		74FDF6E51946B25B0099B7A9 /* ToDoListTableViewController.h */ = {isa = PBXFileReference; fileEncoding = 4; lastKnownFileType = sourcecode.c.h; path = ToDoListTableViewController.h; sourceTree = "<group>"; };
		74FDF6E61946B25B0099B7A9 /* ToDoListTableViewController.m */ = {isa = PBXFileReference; fileEncoding = 4; lastKnownFileType = sourcecode.c.objc; path = ToDoListTableViewController.m; sourceTree = "<group>"; };
		74FDF6EE1946B5DD0099B7A9 /* ToDoItem.h */ = {isa = PBXFileReference; fileEncoding = 4; lastKnownFileType = sourcecode.c.h; path = ToDoItem.h; sourceTree = "<group>"; };
		74FDF6EF1946B5DD0099B7A9 /* ToDoItem.m */ = {isa = PBXFileReference; fileEncoding = 4; lastKnownFileType = sourcecode.c.objc; path = ToDoItem.m; sourceTree = "<group>"; };
/* End PBXFileReference section */

/* Begin PBXFrameworksBuildPhase section */
		74FDF6951946B0770099B7A9 /* Frameworks */ = {
			isa = PBXFrameworksBuildPhase;
			buildActionMask = 2147483647;
			files = (
			);
			runOnlyForDeploymentPostprocessing = 0;
		};
		74FDF6A51946B0770099B7A9 /* Frameworks */ = {
			isa = PBXFrameworksBuildPhase;
			buildActionMask = 2147483647;
			files = (
			);
			runOnlyForDeploymentPostprocessing = 0;
		};
/* End PBXFrameworksBuildPhase section */

/* Begin PBXGroup section */
		74FDF68F1946B0770099B7A9 = {
			isa = PBXGroup;
			children = (
				74FDF69A1946B0770099B7A9 /* ToDoList-OC */,
				74FDF6AB1946B0770099B7A9 /* ToDoList-OCTests */,
				74FDF6991946B0770099B7A9 /* Products */,
			);
			sourceTree = "<group>";
		};
		74FDF6991946B0770099B7A9 /* Products */ = {
			isa = PBXGroup;
			children = (
				74FDF6981946B0770099B7A9 /* ToDoList-OC.app */,
				74FDF6A81946B0770099B7A9 /* ToDoList-OCTests.xctest */,
			);
			name = Products;
			sourceTree = "<group>";
		};
		74FDF69A1946B0770099B7A9 /* ToDoList-OC */ = {
			isa = PBXGroup;
			children = (
				74FDF69F1946B0770099B7A9 /* AppDelegate.h */,
				74FDF6A01946B0770099B7A9 /* AppDelegate.m */,
				74FDF6A21946B0770099B7A9 /* Images.xcassets */,
				74FDF69B1946B0770099B7A9 /* Supporting Files */,
				74FDF6E01946B0D10099B7A9 /* main.storyboard */,
				74FDF6E21946B2350099B7A9 /* AddToDoItemViewController.h */,
				74FDF6E31946B2350099B7A9 /* AddToDoItemViewController.m */,
				74FDF6E51946B25B0099B7A9 /* ToDoListTableViewController.h */,
				74FDF6E61946B25B0099B7A9 /* ToDoListTableViewController.m */,
				74FDF6EE1946B5DD0099B7A9 /* ToDoItem.h */,
				74FDF6EF1946B5DD0099B7A9 /* ToDoItem.m */,
			);
			path = "ToDoList-OC";
			sourceTree = "<group>";
		};
		74FDF69B1946B0770099B7A9 /* Supporting Files */ = {
			isa = PBXGroup;
			children = (
				74FDF69C1946B0770099B7A9 /* Info.plist */,
				74FDF69D1946B0770099B7A9 /* main.m */,
			);
			name = "Supporting Files";
			sourceTree = "<group>";
		};
		74FDF6AB1946B0770099B7A9 /* ToDoList-OCTests */ = {
			isa = PBXGroup;
			children = (
				74FDF6AE1946B0770099B7A9 /* ToDoList_OCTests.m */,
				74FDF6AC1946B0770099B7A9 /* Supporting Files */,
			);
			path = "ToDoList-OCTests";
			sourceTree = "<group>";
		};
		74FDF6AC1946B0770099B7A9 /* Supporting Files */ = {
			isa = PBXGroup;
			children = (
				74FDF6AD1946B0770099B7A9 /* Info.plist */,
			);
			name = "Supporting Files";
			sourceTree = "<group>";
		};
/* End PBXGroup section */

/* Begin PBXNativeTarget section */
		74FDF6971946B0770099B7A9 /* ToDoList-OC */ = {
			isa = PBXNativeTarget;
			buildConfigurationList = 74FDF6B21946B0770099B7A9 /* Build configuration list for PBXNativeTarget "ToDoList-OC" */;
			buildPhases = (
				74FDF6941946B0770099B7A9 /* Sources */,
				74FDF6951946B0770099B7A9 /* Frameworks */,
				74FDF6961946B0770099B7A9 /* Resources */,
			);
			buildRules = (
			);
			dependencies = (
			);
			name = "ToDoList-OC";
			productName = "ToDoList-OC";
			productReference = 74FDF6981946B0770099B7A9 /* ToDoList-OC.app */;
			productType = "com.apple.product-type.application";
		};
		74FDF6A71946B0770099B7A9 /* ToDoList-OCTests */ = {
			isa = PBXNativeTarget;
			buildConfigurationList = 74FDF6B51946B0770099B7A9 /* Build configuration list for PBXNativeTarget "ToDoList-OCTests" */;
			buildPhases = (
				74FDF6A41946B0770099B7A9 /* Sources */,
				74FDF6A51946B0770099B7A9 /* Frameworks */,
				74FDF6A61946B0770099B7A9 /* Resources */,
			);
			buildRules = (
			);
			dependencies = (
				74FDF6AA1946B0770099B7A9 /* PBXTargetDependency */,
			);
			name = "ToDoList-OCTests";
			productName = "ToDoList-OCTests";
			productReference = 74FDF6A81946B0770099B7A9 /* ToDoList-OCTests.xctest */;
			productType = "com.apple.product-type.bundle.unit-test";
		};
/* End PBXNativeTarget section */

/* Begin PBXProject section */
		74FDF6901946B0770099B7A9 /* Project object */ = {
			isa = PBXProject;
			attributes = {
				LastUpgradeCheck = 0600;
				ORGANIZATIONNAME = lyudonghui;
				TargetAttributes = {
					74FDF6971946B0770099B7A9 = {
						CreatedOnToolsVersion = 6.0;
					};
					74FDF6A71946B0770099B7A9 = {
						CreatedOnToolsVersion = 6.0;
						TestTargetID = 74FDF6971946B0770099B7A9;
					};
				};
			};
			buildConfigurationList = 74FDF6931946B0770099B7A9 /* Build configuration list for PBXProject "ToDoList-OC" */;
			compatibilityVersion = "Xcode 3.2";
			developmentRegion = English;
			hasScannedForEncodings = 0;
			knownRegions = (
				en,
			);
			mainGroup = 74FDF68F1946B0770099B7A9;
			productRefGroup = 74FDF6991946B0770099B7A9 /* Products */;
			projectDirPath = "";
			projectRoot = "";
			targets = (
				74FDF6971946B0770099B7A9 /* ToDoList-OC */,
				74FDF6A71946B0770099B7A9 /* ToDoList-OCTests */,
			);
		};
/* End PBXProject section */

/* Begin PBXResourcesBuildPhase section */
		74FDF6961946B0770099B7A9 /* Resources */ = {
			isa = PBXResourcesBuildPhase;
			buildActionMask = 2147483647;
			files = (
				74FDF6A31946B0770099B7A9 /* Images.xcassets in Resources */,
				74FDF6E11946B0D10099B7A9 /* main.storyboard in Resources */,
			);
			runOnlyForDeploymentPostprocessing = 0;
		};
		74FDF6A61946B0770099B7A9 /* Resources */ = {
			isa = PBXResourcesBuildPhase;
			buildActionMask = 2147483647;
			files = (
			);
			runOnlyForDeploymentPostprocessing = 0;
		};
/* End PBXResourcesBuildPhase section */

/* Begin PBXSourcesBuildPhase section */
		74FDF6941946B0770099B7A9 /* Sources */ = {
			isa = PBXSourcesBuildPhase;
			buildActionMask = 2147483647;
			files = (
				74FDF6A11946B0770099B7A9 /* AppDelegate.m in Sources */,
				74FDF6F01946B5DD0099B7A9 /* ToDoItem.m in Sources */,
				74FDF6E71946B25B0099B7A9 /* ToDoListTableViewController.m in Sources */,
				74FDF69E1946B0770099B7A9 /* main.m in Sources */,
				74FDF6E41946B2350099B7A9 /* AddToDoItemViewController.m in Sources */,
			);
			runOnlyForDeploymentPostprocessing = 0;
		};
		74FDF6A41946B0770099B7A9 /* Sources */ = {
			isa = PBXSourcesBuildPhase;
			buildActionMask = 2147483647;
			files = (
				74FDF6AF1946B0770099B7A9 /* ToDoList_OCTests.m in Sources */,
			);
			runOnlyForDeploymentPostprocessing = 0;
		};
/* End PBXSourcesBuildPhase section */

/* Begin PBXTargetDependency section */
		74FDF6AA1946B0770099B7A9 /* PBXTargetDependency */ = {
			isa = PBXTargetDependency;
			target = 74FDF6971946B0770099B7A9 /* ToDoList-OC */;
			targetProxy = 74FDF6A91946B0770099B7A9 /* PBXContainerItemProxy */;
		};
/* End PBXTargetDependency section */

/* Begin XCBuildConfiguration section */
		74FDF6B01946B0770099B7A9 /* Debug */ = {
			isa = XCBuildConfiguration;
			buildSettings = {
				ALWAYS_SEARCH_USER_PATHS = NO;
				CLANG_CXX_LANGUAGE_STANDARD = "gnu++0x";
				CLANG_CXX_LIBRARY = "libc++";
				CLANG_ENABLE_MODULES = YES;
				CLANG_ENABLE_OBJC_ARC = YES;
				CLANG_WARN_BOOL_CONVERSION = YES;
				CLANG_WARN_CONSTANT_CONVERSION = YES;
				CLANG_WARN_DIRECT_OBJC_ISA_USAGE = YES_ERROR;
				CLANG_WARN_EMPTY_BODY = YES;
				CLANG_WARN_ENUM_CONVERSION = YES;
				CLANG_WARN_INT_CONVERSION = YES;
				CLANG_WARN_OBJC_ROOT_CLASS = YES_ERROR;
				CLANG_WARN_UNREACHABLE_CODE = YES;
				CLANG_WARN__DUPLICATE_METHOD_MATCH = YES;
				"CODE_SIGN_IDENTITY[sdk=iphoneos*]" = "iPhone Developer";
				COPY_PHASE_STRIP = NO;
				ENABLE_STRICT_OBJC_MSGSEND = YES;
				GCC_C_LANGUAGE_STANDARD = gnu99;
				GCC_DYNAMIC_NO_PIC = NO;
				GCC_OPTIMIZATION_LEVEL = 0;
				GCC_PREPROCESSOR_DEFINITIONS = (
					"DEBUG=1",
					"$(inherited)",
				);
				GCC_SYMBOLS_PRIVATE_EXTERN = NO;
				GCC_WARN_64_TO_32_BIT_CONVERSION = YES;
				GCC_WARN_ABOUT_RETURN_TYPE = YES_ERROR;
				GCC_WARN_UNDECLARED_SELECTOR = YES;
				GCC_WARN_UNINITIALIZED_AUTOS = YES_AGGRESSIVE;
				GCC_WARN_UNUSED_FUNCTION = YES;
				GCC_WARN_UNUSED_VARIABLE = YES;
				IPHONEOS_DEPLOYMENT_TARGET = 8.0;
				METAL_ENABLE_DEBUG_INFO = YES;
				ONLY_ACTIVE_ARCH = YES;
				SDKROOT = iphoneos;
			};
			name = Debug;
		};
		74FDF6B11946B0770099B7A9 /* Release */ = {
			isa = XCBuildConfiguration;
			buildSettings = {
				ALWAYS_SEARCH_USER_PATHS = NO;
				CLANG_CXX_LANGUAGE_STANDARD = "gnu++0x";
				CLANG_CXX_LIBRARY = "libc++";
				CLANG_ENABLE_MODULES = YES;
				CLANG_ENABLE_OBJC_ARC = YES;
				CLANG_WARN_BOOL_CONVERSION = YES;
				CLANG_WARN_CONSTANT_CONVERSION = YES;
				CLANG_WARN_DIRECT_OBJC_ISA_USAGE = YES_ERROR;
				CLANG_WARN_EMPTY_BODY = YES;
				CLANG_WARN_ENUM_CONVERSION = YES;
				CLANG_WARN_INT_CONVERSION = YES;
				CLANG_WARN_OBJC_ROOT_CLASS = YES_ERROR;
				CLANG_WARN_UNREACHABLE_CODE = YES;
				CLANG_WARN__DUPLICATE_METHOD_MATCH = YES;
				"CODE_SIGN_IDENTITY[sdk=iphoneos*]" = "iPhone Developer";
				COPY_PHASE_STRIP = YES;
				ENABLE_NS_ASSERTIONS = NO;
				ENABLE_STRICT_OBJC_MSGSEND = YES;
				GCC_C_LANGUAGE_STANDARD = gnu99;
				GCC_WARN_64_TO_32_BIT_CONVERSION = YES;
				GCC_WARN_ABOUT_RETURN_TYPE = YES_ERROR;
				GCC_WARN_UNDECLARED_SELECTOR = YES;
				GCC_WARN_UNINITIALIZED_AUTOS = YES_AGGRESSIVE;
				GCC_WARN_UNUSED_FUNCTION = YES;
				GCC_WARN_UNUSED_VARIABLE = YES;
				IPHONEOS_DEPLOYMENT_TARGET = 8.0;
				METAL_ENABLE_DEBUG_INFO = NO;
				SDKROOT = iphoneos;
				VALIDATE_PRODUCT = YES;
			};
			name = Release;
		};
		74FDF6B31946B0770099B7A9 /* Debug */ = {
			isa = XCBuildConfiguration;
			buildSettings = {
				ASSETCATALOG_COMPILER_APPICON_NAME = AppIcon;
				ASSETCATALOG_COMPILER_LAUNCHIMAGE_NAME = LaunchImage;
				INFOPLIST_FILE = "ToDoList-OC/Info.plist";
				LD_RUNPATH_SEARCH_PATHS = "$(inherited) @executable_path/Frameworks";
				PRODUCT_NAME = "$(TARGET_NAME)";
			};
			name = Debug;
		};
		74FDF6B41946B0770099B7A9 /* Release */ = {
			isa = XCBuildConfiguration;
			buildSettings = {
				ASSETCATALOG_COMPILER_APPICON_NAME = AppIcon;
				ASSETCATALOG_COMPILER_LAUNCHIMAGE_NAME = LaunchImage;
				INFOPLIST_FILE = "ToDoList-OC/Info.plist";
				LD_RUNPATH_SEARCH_PATHS = "$(inherited) @executable_path/Frameworks";
				PRODUCT_NAME = "$(TARGET_NAME)";
			};
			name = Release;
		};
		74FDF6B61946B0770099B7A9 /* Debug */ = {
			isa = XCBuildConfiguration;
			buildSettings = {
				BUNDLE_LOADER = "$(BUILT_PRODUCTS_DIR)/ToDoList-OC.app/ToDoList-OC";
				FRAMEWORK_SEARCH_PATHS = (
					"$(SDKROOT)/Developer/Library/Frameworks",
					"$(inherited)",
				);
				GCC_PREPROCESSOR_DEFINITIONS = (
					"DEBUG=1",
					"$(inherited)",
				);
				INFOPLIST_FILE = "ToDoList-OCTests/Info.plist";
				LD_RUNPATH_SEARCH_PATHS = "$(inherited) @executable_path/Frameworks @loader_path/Frameworks";
				METAL_ENABLE_DEBUG_INFO = YES;
				PRODUCT_NAME = "$(TARGET_NAME)";
				TEST_HOST = "$(BUNDLE_LOADER)";
			};
			name = Debug;
		};
		74FDF6B71946B0770099B7A9 /* Release */ = {
			isa = XCBuildConfiguration;
			buildSettings = {
				BUNDLE_LOADER = "$(BUILT_PRODUCTS_DIR)/ToDoList-OC.app/ToDoList-OC";
				FRAMEWORK_SEARCH_PATHS = (
					"$(SDKROOT)/Developer/Library/Frameworks",
					"$(inherited)",
				);
				INFOPLIST_FILE = "ToDoList-OCTests/Info.plist";
				LD_RUNPATH_SEARCH_PATHS = "$(inherited) @executable_path/Frameworks @loader_path/Frameworks";
				METAL_ENABLE_DEBUG_INFO = NO;
				PRODUCT_NAME = "$(TARGET_NAME)";
				TEST_HOST = "$(BUNDLE_LOADER)";
			};
			name = Release;
		};
/* End XCBuildConfiguration section */

/* Begin XCConfigurationList section */
		74FDF6931946B0770099B7A9 /* Build configuration list for PBXProject "ToDoList-OC" */ = {
			isa = XCConfigurationList;
			buildConfigurations = (
				74FDF6B01946B0770099B7A9 /* Debug */,
				74FDF6B11946B0770099B7A9 /* Release */,
			);
			defaultConfigurationIsVisible = 0;
			defaultConfigurationName = Release;
		};
		74FDF6B21946B0770099B7A9 /* Build configuration list for PBXNativeTarget "ToDoList-OC" */ = {
			isa = XCConfigurationList;
			buildConfigurations = (
				74FDF6B31946B0770099B7A9 /* Debug */,
				74FDF6B41946B0770099B7A9 /* Release */,
			);
			defaultConfigurationIsVisible = 0;
		};
		74FDF6B51946B0770099B7A9 /* Build configuration list for PBXNativeTarget "ToDoList-OCTests" */ = {
			isa = XCConfigurationList;
			buildConfigurations = (
				74FDF6B61946B0770099B7A9 /* Debug */,
				74FDF6B71946B0770099B7A9 /* Release */,
			);
			defaultConfigurationIsVisible = 0;
		};
/* End XCConfigurationList section */
	};
	rootObject = 74FDF6901946B0770099B7A9 /* Project object */;
}
