// !$*UTF8*$!
{
	archiveVersion = 1;
	classes = {
	};
	objectVersion = 46;
	objects = {

/* Begin PBXBuildFile section */
		AC097E4F1608664B00600FD4 /* UIKit.framework in Frameworks */ = {isa = PBXBuildFile; fileRef = AC097E4E1608664B00600FD4 /* UIKit.framework */; };
		AC097E511608664B00600FD4 /* Foundation.framework in Frameworks */ = {isa = PBXBuildFile; fileRef = AC097E501608664B00600FD4 /* Foundation.framework */; };
		AC097E531608664B00600FD4 /* CoreGraphics.framework in Frameworks */ = {isa = PBXBuildFile; fileRef = AC097E521608664B00600FD4 /* CoreGraphics.framework */; };
		AC097E591608664B00600FD4 /* InfoPlist.strings in Resources */ = {isa = PBXBuildFile; fileRef = AC097E571608664B00600FD4 /* InfoPlist.strings */; };
		AC097E5B1608664B00600FD4 /* main.m in Sources */ = {isa = PBXBuildFile; fileRef = AC097E5A1608664B00600FD4 /* main.m */; };
		AC097E5F1608664B00600FD4 /* AppDelegate.m in Sources */ = {isa = PBXBuildFile; fileRef = AC097E5E1608664B00600FD4 /* AppDelegate.m */; };
		AC097E621608664B00600FD4 /* MainStoryboard.storyboard in Resources */ = {isa = PBXBuildFile; fileRef = AC097E601608664B00600FD4 /* MainStoryboard.storyboard */; };
		AC097E651608664B00600FD4 /* ViewController.m in Sources */ = {isa = PBXBuildFile; fileRef = AC097E641608664B00600FD4 /* ViewController.m */; };
		AC097E8216086B4C00600FD4 /* blueButton.png in Resources */ = {isa = PBXBuildFile; fileRef = AC097E8016086B4C00600FD4 /* blueButton.png */; };
		AC097E8316086B4C00600FD4 /* whiteButton.png in Resources */ = {isa = PBXBuildFile; fileRef = AC097E8116086B4C00600FD4 /* whiteButton.png */; };
		ACD986511669E0D3000F2723 /* Default-568h@2x.png in Resources */ = {isa = PBXBuildFile; fileRef = ACD986501669E0D3000F2723 /* Default-568h@2x.png */; };
/* End PBXBuildFile section */

/* Begin PBXFileReference section */
		AC097E4A1608664B00600FD4 /* lianhe.app */ = {isa = PBXFileReference; explicitFileType = wrapper.application; includeInIndex = 0; path = lianhe.app; sourceTree = BUILT_PRODUCTS_DIR; };
		AC097E4E1608664B00600FD4 /* UIKit.framework */ = {isa = PBXFileReference; lastKnownFileType = wrapper.framework; name = UIKit.framework; path = System/Library/Frameworks/UIKit.framework; sourceTree = SDKROOT; };
		AC097E501608664B00600FD4 /* Foundation.framework */ = {isa = PBXFileReference; lastKnownFileType = wrapper.framework; name = Foundation.framework; path = System/Library/Frameworks/Foundation.framework; sourceTree = SDKROOT; };
		AC097E521608664B00600FD4 /* CoreGraphics.framework */ = {isa = PBXFileReference; lastKnownFileType = wrapper.framework; name = CoreGraphics.framework; path = System/Library/Frameworks/CoreGraphics.framework; sourceTree = SDKROOT; };
		AC097E561608664B00600FD4 /* lianhe-Info.plist */ = {isa = PBXFileReference; lastKnownFileType = text.plist.xml; path = "lianhe-Info.plist"; sourceTree = "<group>"; };
		AC097E581608664B00600FD4 /* en */ = {isa = PBXFileReference; lastKnownFileType = text.plist.strings; name = en; path = en.lproj/InfoPlist.strings; sourceTree = "<group>"; };
		AC097E5A1608664B00600FD4 /* main.m */ = {isa = PBXFileReference; lastKnownFileType = sourcecode.c.objc; path = main.m; sourceTree = "<group>"; };
		AC097E5C1608664B00600FD4 /* lianhe-Prefix.pch */ = {isa = PBXFileReference; lastKnownFileType = sourcecode.c.h; path = "lianhe-Prefix.pch"; sourceTree = "<group>"; };
		AC097E5D1608664B00600FD4 /* AppDelegate.h */ = {isa = PBXFileReference; lastKnownFileType = sourcecode.c.h; path = AppDelegate.h; sourceTree = "<group>"; };
		AC097E5E1608664B00600FD4 /* AppDelegate.m */ = {isa = PBXFileReference; lastKnownFileType = sourcecode.c.objc; path = AppDelegate.m; sourceTree = "<group>"; };
		AC097E611608664B00600FD4 /* en */ = {isa = PBXFileReference; lastKnownFileType = file.storyboard; name = en; path = en.lproj/MainStoryboard.storyboard; sourceTree = "<group>"; };
		AC097E631608664B00600FD4 /* ViewController.h */ = {isa = PBXFileReference; lastKnownFileType = sourcecode.c.h; path = ViewController.h; sourceTree = "<group>"; };
		AC097E641608664B00600FD4 /* ViewController.m */ = {isa = PBXFileReference; lastKnownFileType = sourcecode.c.objc; path = ViewController.m; sourceTree = "<group>"; };
		AC097E8016086B4C00600FD4 /* blueButton.png */ = {isa = PBXFileReference; lastKnownFileType = image.png; path = blueButton.png; sourceTree = "<group>"; };
		AC097E8116086B4C00600FD4 /* whiteButton.png */ = {isa = PBXFileReference; lastKnownFileType = image.png; path = whiteButton.png; sourceTree = "<group>"; };
		ACD986501669E0D3000F2723 /* Default-568h@2x.png */ = {isa = PBXFileReference; lastKnownFileType = image.png; path = "Default-568h@2x.png"; sourceTree = "<group>"; };
/* End PBXFileReference section */

/* Begin PBXFrameworksBuildPhase section */
		AC097E471608664B00600FD4 /* Frameworks */ = {
			isa = PBXFrameworksBuildPhase;
			buildActionMask = 2147483647;
			files = (
				AC097E4F1608664B00600FD4 /* UIKit.framework in Frameworks */,
				AC097E511608664B00600FD4 /* Foundation.framework in Frameworks */,
				AC097E531608664B00600FD4 /* CoreGraphics.framework in Frameworks */,
			);
			runOnlyForDeploymentPostprocessing = 0;
		};
/* End PBXFrameworksBuildPhase section */

/* Begin PBXGroup section */
		AC097E3F1608664B00600FD4 = {
			isa = PBXGroup;
			children = (
				ACD986501669E0D3000F2723 /* Default-568h@2x.png */,
				AC097E541608664B00600FD4 /* lianhe */,
				AC097E4D1608664B00600FD4 /* Frameworks */,
				AC097E4B1608664B00600FD4 /* Products */,
			);
			sourceTree = "<group>";
		};
		AC097E4B1608664B00600FD4 /* Products */ = {
			isa = PBXGroup;
			children = (
				AC097E4A1608664B00600FD4 /* lianhe.app */,
			);
			name = Products;
			sourceTree = "<group>";
		};
		AC097E4D1608664B00600FD4 /* Frameworks */ = {
			isa = PBXGroup;
			children = (
				AC097E4E1608664B00600FD4 /* UIKit.framework */,
				AC097E501608664B00600FD4 /* Foundation.framework */,
				AC097E521608664B00600FD4 /* CoreGraphics.framework */,
			);
			name = Frameworks;
			sourceTree = "<group>";
		};
		AC097E541608664B00600FD4 /* lianhe */ = {
			isa = PBXGroup;
			children = (
				AC097E5D1608664B00600FD4 /* AppDelegate.h */,
				AC097E7F16086B4C00600FD4 /* Images */,
				AC097E5E1608664B00600FD4 /* AppDelegate.m */,
				AC097E601608664B00600FD4 /* MainStoryboard.storyboard */,
				AC097E631608664B00600FD4 /* ViewController.h */,
				AC097E641608664B00600FD4 /* ViewController.m */,
				AC097E551608664B00600FD4 /* Supporting Files */,
			);
			path = lianhe;
			sourceTree = "<group>";
		};
		AC097E551608664B00600FD4 /* Supporting Files */ = {
			isa = PBXGroup;
			children = (
				AC097E561608664B00600FD4 /* lianhe-Info.plist */,
				AC097E571608664B00600FD4 /* InfoPlist.strings */,
				AC097E5A1608664B00600FD4 /* main.m */,
				AC097E5C1608664B00600FD4 /* lianhe-Prefix.pch */,
			);
			name = "Supporting Files";
			sourceTree = "<group>";
		};
		AC097E7F16086B4C00600FD4 /* Images */ = {
			isa = PBXGroup;
			children = (
				AC097E8016086B4C00600FD4 /* blueButton.png */,
				AC097E8116086B4C00600FD4 /* whiteButton.png */,
			);
			path = Images;
			sourceTree = SOURCE_ROOT;
		};
/* End PBXGroup section */

/* Begin PBXNativeTarget section */
		AC097E491608664B00600FD4 /* lianhe */ = {
			isa = PBXNativeTarget;
			buildConfigurationList = AC097E681608664B00600FD4 /* Build configuration list for PBXNativeTarget "lianhe" */;
			buildPhases = (
				AC097E461608664B00600FD4 /* Sources */,
				AC097E471608664B00600FD4 /* Frameworks */,
				AC097E481608664B00600FD4 /* Resources */,
			);
			buildRules = (
			);
			dependencies = (
			);
			name = lianhe;
			productName = lianhe;
			productReference = AC097E4A1608664B00600FD4 /* lianhe.app */;
			productType = "com.apple.product-type.application";
		};
/* End PBXNativeTarget section */

/* Begin PBXProject section */
		AC097E411608664B00600FD4 /* Project object */ = {
			isa = PBXProject;
			attributes = {
				LastUpgradeCheck = 0440;
				ORGANIZATIONNAME = apple;
			};
			buildConfigurationList = AC097E441608664B00600FD4 /* Build configuration list for PBXProject "lianhe" */;
			compatibilityVersion = "Xcode 3.2";
			developmentRegion = English;
			hasScannedForEncodings = 0;
			knownRegions = (
				en,
			);
			mainGroup = AC097E3F1608664B00600FD4;
			productRefGroup = AC097E4B1608664B00600FD4 /* Products */;
			projectDirPath = "";
			projectRoot = "";
			targets = (
				AC097E491608664B00600FD4 /* lianhe */,
			);
		};
/* End PBXProject section */

/* Begin PBXResourcesBuildPhase section */
		AC097E481608664B00600FD4 /* Resources */ = {
			isa = PBXResourcesBuildPhase;
			buildActionMask = 2147483647;
			files = (
				AC097E591608664B00600FD4 /* InfoPlist.strings in Resources */,
				AC097E621608664B00600FD4 /* MainStoryboard.storyboard in Resources */,
				AC097E8216086B4C00600FD4 /* blueButton.png in Resources */,
				AC097E8316086B4C00600FD4 /* whiteButton.png in Resources */,
				ACD986511669E0D3000F2723 /* Default-568h@2x.png in Resources */,
			);
			runOnlyForDeploymentPostprocessing = 0;
		};
/* End PBXResourcesBuildPhase section */

/* Begin PBXSourcesBuildPhase section */
		AC097E461608664B00600FD4 /* Sources */ = {
			isa = PBXSourcesBuildPhase;
			buildActionMask = 2147483647;
			files = (
				AC097E5B1608664B00600FD4 /* main.m in Sources */,
				AC097E5F1608664B00600FD4 /* AppDelegate.m in Sources */,
				AC097E651608664B00600FD4 /* ViewController.m in Sources */,
			);
			runOnlyForDeploymentPostprocessing = 0;
		};
/* End PBXSourcesBuildPhase section */

/* Begin PBXVariantGroup section */
		AC097E571608664B00600FD4 /* InfoPlist.strings */ = {
			isa = PBXVariantGroup;
			children = (
				AC097E581608664B00600FD4 /* en */,
			);
			name = InfoPlist.strings;
			sourceTree = "<group>";
		};
		AC097E601608664B00600FD4 /* MainStoryboard.storyboard */ = {
			isa = PBXVariantGroup;
			children = (
				AC097E611608664B00600FD4 /* en */,
			);
			name = MainStoryboard.storyboard;
			sourceTree = "<group>";
		};
/* End PBXVariantGroup section */

/* Begin XCBuildConfiguration section */
		AC097E661608664B00600FD4 /* Debug */ = {
			isa = XCBuildConfiguration;
			buildSettings = {
				ALWAYS_SEARCH_USER_PATHS = NO;
				ARCHS = "$(ARCHS_STANDARD_32_BIT)";
				CLANG_CXX_LANGUAGE_STANDARD = "gnu++0x";
				CLANG_ENABLE_OBJC_ARC = YES;
				CLANG_WARN__DUPLICATE_METHOD_MATCH = YES;
				"CODE_SIGN_IDENTITY[sdk=iphoneos*]" = "iPhone Developer";
				COPY_PHASE_STRIP = NO;
				GCC_C_LANGUAGE_STANDARD = gnu99;
				GCC_DYNAMIC_NO_PIC = NO;
				GCC_OPTIMIZATION_LEVEL = 0;
				GCC_PREPROCESSOR_DEFINITIONS = (
					"DEBUG=1",
					"$(inherited)",
				);
				GCC_SYMBOLS_PRIVATE_EXTERN = NO;
				GCC_VERSION = com.apple.compilers.llvm.clang.1_0;
				GCC_WARN_ABOUT_RETURN_TYPE = YES;
				GCC_WARN_UNINITIALIZED_AUTOS = YES;
				GCC_WARN_UNUSED_VARIABLE = YES;
				IPHONEOS_DEPLOYMENT_TARGET = 5.1;
				SDKROOT = iphoneos;
			};
			name = Debug;
		};
		AC097E671608664B00600FD4 /* Release */ = {
			isa = XCBuildConfiguration;
			buildSettings = {
				ALWAYS_SEARCH_USER_PATHS = NO;
				ARCHS = "$(ARCHS_STANDARD_32_BIT)";
				CLANG_CXX_LANGUAGE_STANDARD = "gnu++0x";
				CLANG_ENABLE_OBJC_ARC = YES;
				CLANG_WARN__DUPLICATE_METHOD_MATCH = YES;
				"CODE_SIGN_IDENTITY[sdk=iphoneos*]" = "iPhone Developer";
				COPY_PHASE_STRIP = YES;
				GCC_C_LANGUAGE_STANDARD = gnu99;
				GCC_VERSION = com.apple.compilers.llvm.clang.1_0;
				GCC_WARN_ABOUT_RETURN_TYPE = YES;
				GCC_WARN_UNINITIALIZED_AUTOS = YES;
				GCC_WARN_UNUSED_VARIABLE = YES;
				IPHONEOS_DEPLOYMENT_TARGET = 5.1;
				OTHER_CFLAGS = "-DNS_BLOCK_ASSERTIONS=1";
				SDKROOT = iphoneos;
				VALIDATE_PRODUCT = YES;
			};
			name = Release;
		};
		AC097E691608664B00600FD4 /* Debug */ = {
			isa = XCBuildConfiguration;
			buildSettings = {
				GCC_PRECOMPILE_PREFIX_HEADER = YES;
				GCC_PREFIX_HEADER = "lianhe/lianhe-Prefix.pch";
				INFOPLIST_FILE = "lianhe/lianhe-Info.plist";
				PRODUCT_NAME = "$(TARGET_NAME)";
				WRAPPER_EXTENSION = app;
			};
			name = Debug;
		};
		AC097E6A1608664B00600FD4 /* Release */ = {
			isa = XCBuildConfiguration;
			buildSettings = {
				GCC_PRECOMPILE_PREFIX_HEADER = YES;
				GCC_PREFIX_HEADER = "lianhe/lianhe-Prefix.pch";
				INFOPLIST_FILE = "lianhe/lianhe-Info.plist";
				PRODUCT_NAME = "$(TARGET_NAME)";
				WRAPPER_EXTENSION = app;
			};
			name = Release;
		};
/* End XCBuildConfiguration section */

/* Begin XCConfigurationList section */
		AC097E441608664B00600FD4 /* Build configuration list for PBXProject "lianhe" */ = {
			isa = XCConfigurationList;
			buildConfigurations = (
				AC097E661608664B00600FD4 /* Debug */,
				AC097E671608664B00600FD4 /* Release */,
			);
			defaultConfigurationIsVisible = 0;
			defaultConfigurationName = Release;
		};
		AC097E681608664B00600FD4 /* Build configuration list for PBXNativeTarget "lianhe" */ = {
			isa = XCConfigurationList;
			buildConfigurations = (
				AC097E691608664B00600FD4 /* Debug */,
				AC097E6A1608664B00600FD4 /* Release */,
			);
			defaultConfigurationIsVisible = 0;
			defaultConfigurationName = Release;
		};
/* End XCConfigurationList section */
	};
	rootObject = AC097E411608664B00600FD4 /* Project object */;
}
